
Microsoft Visual Studio Solution File, Format Version 12.00
# Visual Studio Version 16
VisualStudioVersion = 16.0.29306.81
MinimumVisualStudioVersion = 10.0.40219.1
Project("{FAE04EC0-301F-11D3-BF4B-00C04F79EFBC}") = "Search an Element in an Array", "Search an Element in an Array\Search an Element in an Array.csproj", "{5DB5CEDC-4DBC-4A1D-909A-860F081B0094}"
EndProject
Global
	GlobalSection(SolutionConfigurationPlatforms) = preSolution
		Debug|Any CPU = Debug|Any CPU
		Release|Any CPU = Release|Any CPU
	EndGlobalSection
	GlobalSection(ProjectConfigurationPlatforms) = postSolution
		{5DB5CEDC-4DBC-4A1D-909A-860F081B0094}.Debug|Any CPU.ActiveCfg = Debug|Any CPU
		{5DB5CEDC-4DBC-4A1D-909A-860F081B0094}.Debug|Any CPU.Build.0 = Debug|Any CPU
		{5DB5CEDC-4DBC-4A1D-909A-860F081B0094}.Release|Any CPU.ActiveCfg = Release|Any CPU
		{5DB5CEDC-4DBC-4A1D-909A-860F081B0094}.Release|Any CPU.Build.0 = Release|Any CPU
	EndGlobalSection
	GlobalSection(SolutionProperties) = preSolution
		HideSolutionNode = FALSE
	EndGlobalSection
	GlobalSection(ExtensibilityGlobals) = postSolution
		SolutionGuid = {DCD47B4A-3EE7-4773-B880-940B10D1AB80}
	EndGlobalSection
EndGlobal
